
Microsoft Visual Studio Solution File, Format Version 12.00
# Visual Studio Version 17
VisualStudioVersion = 17.5.33424.131
MinimumVisualStudioVersion = 10.0.40219.1
Project("{FAE04EC0-301F-11D3-BF4B-00C04F79EFBC}") = "module1", "module1\module1.csproj", "{0BB52FFF-A82D-4F33-99C4-ABCE2FE00CE4}"
EndProject
Global
	GlobalSection(SolutionConfigurationPlatforms) = preSolution
		Debug|Any CPU = Debug|Any CPU
		Release|Any CPU = Release|Any CPU
	EndGlobalSection
	GlobalSection(ProjectConfigurationPlatforms) = postSolution
		{0BB52FFF-A82D-4F33-99C4-ABCE2FE00CE4}.Debug|Any CPU.ActiveCfg = Debug|Any CPU
		{0BB52FFF-A82D-4F33-99C4-ABCE2FE00CE4}.Debug|Any CPU.Build.0 = Debug|Any CPU
		{0BB52FFF-A82D-4F33-99C4-ABCE2FE00CE4}.Release|Any CPU.ActiveCfg = Release|Any CPU
		{0BB52FFF-A82D-4F33-99C4-ABCE2FE00CE4}.Release|Any CPU.Build.0 = Release|Any CPU
	EndGlobalSection
	GlobalSection(SolutionProperties) = preSolution
		HideSolutionNode = FALSE
	EndGlobalSection
	GlobalSection(ExtensibilityGlobals) = postSolution
		SolutionGuid = {14A0C947-1AF1-4BAC-94B0-F05D0A224A2A}
	EndGlobalSection
EndGlobal
